
Microsoft Visual Studio Solution File, Format Version 12.00
# Visual Studio Version 17
VisualStudioVersion = 17.2.32602.215
MinimumVisualStudioVersion = 10.0.40219.1
Project("{9A19103F-16F7-4668-BE54-9A1E7A4F7556}") = "BugTracker", "BugTracker\BugTracker.csproj", "{B1748D37-129A-4CEC-90DF-AA871873FE15}"
EndProject
Global
	GlobalSection(SolutionConfigurationPlatforms) = preSolution
		Debug|Any CPU = Debug|Any CPU
		Release|Any CPU = Release|Any CPU
	EndGlobalSection
	GlobalSection(ProjectConfigurationPlatforms) = postSolution
		{B1748D37-129A-4CEC-90DF-AA871873FE15}.Debug|Any CPU.ActiveCfg = Debug|Any CPU
		{B1748D37-129A-4CEC-90DF-AA871873FE15}.Debug|Any CPU.Build.0 = Debug|Any CPU
		{B1748D37-129A-4CEC-90DF-AA871873FE15}.Release|Any CPU.ActiveCfg = Release|Any CPU
		{B1748D37-129A-4CEC-90DF-AA871873FE15}.Release|Any CPU.Build.0 = Release|Any CPU
	EndGlobalSection
	GlobalSection(SolutionProperties) = preSolution
		HideSolutionNode = FALSE
	EndGlobalSection
	GlobalSection(ExtensibilityGlobals) = postSolution
		SolutionGuid = {570703EE-B2DB-4F1C-B25B-CB35E7435F14}
	EndGlobalSection
EndGlobal
